# This file is automatically @generated by Cargo.
# It is not intended for manual editing.
[[package]]
name = "gui"
version = "0.5.0"
source = "registry+https://github.com/rust-lang/crates.io-index"
checksum = "f898743cea71f219c0677ddc79bf63d0fc303cf0b405c7c8d26699b25250809d"
dependencies = [
 "gui-derive",
]

[[package]]
name = "gui-derive"
version = "0.5.0"
source = "registry+https://github.com/rust-lang/crates.io-index"
checksum = "47c3edb459c8dd7c77457cd49c1a24443e6ce4a7e7f4ea5c5d3884728d364250"
dependencies = [
 "proc-macro2",
 "quote",
 "syn",
]

[[package]]
name = "object_orinted_programming"
version = "0.1.0"
dependencies = [
 "gui",
]

[[package]]
name = "proc-macro2"
version = "1.0.24"
source = "registry+https://github.com/rust-lang/crates.io-index"
checksum = "1e0704ee1a7e00d7bb417d0770ea303c1bccbabf0ef1667dae92b5967f5f8a71"
dependencies = [
 "unicode-xid",
]

[[package]]
name = "quote"
version = "1.0.7"
source = "registry+https://github.com/rust-lang/crates.io-index"
checksum = "aa563d17ecb180e500da1cfd2b028310ac758de548efdd203e18f283af693f37"
dependencies = [
 "proc-macro2",
]

[[package]]
name = "syn"
version = "1.0.42"
source = "registry+https://github.com/rust-lang/crates.io-index"
checksum = "9c51d92969d209b54a98397e1b91c8ae82d8c87a7bb87df0b29aa2ad81454228"
dependencies = [
 "proc-macro2",
 "quote",
 "unicode-xid",
]

[[package]]
name = "unicode-xid"
version = "0.2.1"
source = "registry+https://github.com/rust-lang/crates.io-index"
checksum = "f7fe0bb3479651439c9112f72b6c505038574c9fbb575ed1bf3b797fa39dd564"
